
Microsoft Visual Studio Solution File, Format Version 12.00
# Visual Studio Version 17
Project("{8BC9CEB8-8B4A-11D0-8D11-00A0C91BC942}") = "Pyrus-core", "Pyrus-core\Pyrus-core.vcxproj", "{00944D31-6C49-C626-F53D-C0FD61F2BC2A}"
EndProject
Project("{8BC9CEB8-8B4A-11D0-8D11-00A0C91BC942}") = "Pyrus-client", "Pyrus-client\Pyrus-client.vcxproj", "{B669C7BA-222A-43F1-EB64-8C6E57E487CD}"
EndProject
Global
	GlobalSection(SolutionConfigurationPlatforms) = preSolution
		Debug|x64 = Debug|x64
		Release|x64 = Release|x64
	EndGlobalSection
	GlobalSection(ProjectConfigurationPlatforms) = postSolution
		{00944D31-6C49-C626-F53D-C0FD61F2BC2A}.Debug|x64.ActiveCfg = Debug|x64
		{00944D31-6C49-C626-F53D-C0FD61F2BC2A}.Debug|x64.Build.0 = Debug|x64
		{00944D31-6C49-C626-F53D-C0FD61F2BC2A}.Release|x64.ActiveCfg = Release|x64
		{00944D31-6C49-C626-F53D-C0FD61F2BC2A}.Release|x64.Build.0 = Release|x64
		{B669C7BA-222A-43F1-EB64-8C6E57E487CD}.Debug|x64.ActiveCfg = Debug|x64
		{B669C7BA-222A-43F1-EB64-8C6E57E487CD}.Debug|x64.Build.0 = Debug|x64
		{B669C7BA-222A-43F1-EB64-8C6E57E487CD}.Release|x64.ActiveCfg = Release|x64
		{B669C7BA-222A-43F1-EB64-8C6E57E487CD}.Release|x64.Build.0 = Release|x64
	EndGlobalSection
	GlobalSection(SolutionProperties) = preSolution
		HideSolutionNode = FALSE
	EndGlobalSection
EndGlobal
