<?xml version="1.0" encoding="utf-8"?>
<Project ToolsVersion="4.0" xmlns="http://schemas.microsoft.com/developer/msbuild/2003">
  <ItemGroup>
    <Filter Include="src">
      <UniqueIdentifier>{2DAB880B-99B4-887C-2230-9F7C8E38947C}</UniqueIdentifier>
    </Filter>
    <Filter Include="src\Core">
      <UniqueIdentifier>{A5D31CCF-91A0-77DA-BAB9-6582A6E5AC68}</UniqueIdentifier>
    </Filter>
    <Filter Include="src\Events">
      <UniqueIdentifier>{7162C20E-5D1A-045C-C621-DDB7B2F89E4C}</UniqueIdentifier>
    </Filter>
    <Filter Include="src\Render">
      <UniqueIdentifier>{FC94E62B-E84C-2879-5154-01D53D2BC369}</UniqueIdentifier>
    </Filter>
    <Filter Include="src\Utils">
      <UniqueIdentifier>{4D9AFFB3-B904-B42A-0243-65D06EEC917F}</UniqueIdentifier>
    </Filter>
    <Filter Include="src\Utils\Logs">
      <UniqueIdentifier>{D124EBFC-BDF2-DE02-A686-4F2992F3BA67}</UniqueIdentifier>
    </Filter>
    <Filter Include="vendor">
      <UniqueIdentifier>{B3738122-9F15-ACF8-88D0-BF4C74113349}</UniqueIdentifier>
    </Filter>
    <Filter Include="vendor\GLFW">
      <UniqueIdentifier>{D27667C1-3E2C-E0B6-C720-DA8D33D5D6BA}</UniqueIdentifier>
    </Filter>
    <Filter Include="vendor\GLFW\include">
      <UniqueIdentifier>{45501F1D-B1B1-FC2A-3A1F-43DDA67F33EA}</UniqueIdentifier>
    </Filter>
    <Filter Include="vendor\GLFW\include\GLFW">
      <UniqueIdentifier>{A4FE9F69-9023-EFE9-B96E-D479A5F2ED07}</UniqueIdentifier>
    </Filter>
    <Filter Include="vendor\ImGui">
      <UniqueIdentifier>{1DA38CEE-0906-1C93-B28B-54499ECDE715}</UniqueIdentifier>
    </Filter>
    <Filter Include="vendor\ImGui\opengl3">
      <UniqueIdentifier>{6464D2F5-50F3-5BBF-F911-70BAE57F6C65}</UniqueIdentifier>
    </Filter>
    <Filter Include="vendor\ImGui\win32">
      <UniqueIdentifier>{DF0CDB2A-CBF0-9B80-3451-96D320548602}</UniqueIdentifier>
    </Filter>
  </ItemGroup>
  <ItemGroup>
    <ClInclude Include="src\Core\Application.h">
      <Filter>src\Core</Filter>
    </ClInclude>
    <ClInclude Include="src\Core\Window.h">
      <Filter>src\Core</Filter>
    </ClInclude>
    <ClInclude Include="src\Events\Event.h">
      <Filter>src\Events</Filter>
    </ClInclude>
    <ClInclude Include="src\Pyrus.hpp">
      <Filter>src</Filter>
    </ClInclude>
    <ClInclude Include="src\Render\renderer.h">
      <Filter>src\Render</Filter>
    </ClInclude>
    <ClInclude Include="src\SDK\Datatypes.h">
      <Filter>src\Utils</Filter>
    </ClInclude>
    <ClInclude Include="src\Utils\Logs\Logs.h">
      <Filter>src\Utils\Logs</Filter>
    </ClInclude>
    <ClInclude Include="src\Utils\Utils.h">
      <Filter>src\Utils</Filter>
    </ClInclude>
    <ClInclude Include="src\SDK\Macros.h">
      <Filter>src\Utils</Filter>
    </ClInclude>
    <ClInclude Include="vendor\GLFW\include\GLFW\glfw3.h">
      <Filter>vendor\GLFW\include\GLFW</Filter>
    </ClInclude>
    <ClInclude Include="vendor\GLFW\include\GLFW\glfw3native.h">
      <Filter>vendor\GLFW\include\GLFW</Filter>
    </ClInclude>
    <ClInclude Include="vendor\ImGui\imconfig.h">
      <Filter>vendor\ImGui</Filter>
    </ClInclude>
    <ClInclude Include="vendor\ImGui\imgui.h">
      <Filter>vendor\ImGui</Filter>
    </ClInclude>
    <ClInclude Include="vendor\ImGui\imgui_internal.h">
      <Filter>vendor\ImGui</Filter>
    </ClInclude>
    <ClInclude Include="vendor\ImGui\imstb_rectpack.h">
      <Filter>vendor\ImGui</Filter>
    </ClInclude>
    <ClInclude Include="vendor\ImGui\imstb_textedit.h">
      <Filter>vendor\ImGui</Filter>
    </ClInclude>
    <ClInclude Include="vendor\ImGui\imstb_truetype.h">
      <Filter>vendor\ImGui</Filter>
    </ClInclude>
    <ClInclude Include="vendor\ImGui\opengl3\imgui_impl_opengl3.h">
      <Filter>vendor\ImGui\opengl3</Filter>
    </ClInclude>
    <ClInclude Include="vendor\ImGui\opengl3\imgui_impl_opengl3_loader.h">
      <Filter>vendor\ImGui\opengl3</Filter>
    </ClInclude>
    <ClInclude Include="vendor\ImGui\win32\imgui_impl_win32.h">
      <Filter>vendor\ImGui\win32</Filter>
    </ClInclude>
    <ClInclude Include="src\Platform\Windows\WindowsWindow.h" />
    <ClInclude Include="src\Platform\Linux\LinuxWindow.h" />
  </ItemGroup>
  <ItemGroup>
    <ClCompile Include="src\Core\Application.cpp">
      <Filter>src\Core</Filter>
    </ClCompile>
    <ClCompile Include="src\Core\Window.cpp">
      <Filter>src\Core</Filter>
    </ClCompile>
    <ClCompile Include="src\Render\Renderer.cpp">
      <Filter>src\Render</Filter>
    </ClCompile>
    <ClCompile Include="src\Utils\Logs\Logs.cpp">
      <Filter>src\Utils\Logs</Filter>
    </ClCompile>
    <ClCompile Include="vendor\ImGui\imgui.cpp">
      <Filter>vendor\ImGui</Filter>
    </ClCompile>
    <ClCompile Include="vendor\ImGui\imgui_draw.cpp">
      <Filter>vendor\ImGui</Filter>
    </ClCompile>
    <ClCompile Include="vendor\ImGui\imgui_tables.cpp">
      <Filter>vendor\ImGui</Filter>
    </ClCompile>
    <ClCompile Include="vendor\ImGui\imgui_widgets.cpp">
      <Filter>vendor\ImGui</Filter>
    </ClCompile>
    <ClCompile Include="vendor\ImGui\opengl3\imgui_impl_opengl3.cpp">
      <Filter>vendor\ImGui\opengl3</Filter>
    </ClCompile>
    <ClCompile Include="vendor\ImGui\win32\imgui_impl_win32.cpp">
      <Filter>vendor\ImGui\win32</Filter>
    </ClCompile>
    <ClCompile Include="src\Platform\Windows\WindowsWindow.cpp" />
    <ClCompile Include="src\Platform\Linux\LinuxWindow.cpp" />
  </ItemGroup>
</Project>