<?xml version="1.0" encoding="utf-8"?>
<Project ToolsVersion="4.0" xmlns="http://schemas.microsoft.com/developer/msbuild/2003">
  <ItemGroup>
    <Filter Include="src">
      <UniqueIdentifier>{2DAB880B-99B4-887C-2230-9F7C8E38947C}</UniqueIdentifier>
    </Filter>
    <Filter Include="src\Core">
      <UniqueIdentifier>{A5D31CCF-91A0-77DA-BAB9-6582A6E5AC68}</UniqueIdentifier>
    </Filter>
    <Filter Include="src\Events">
      <UniqueIdentifier>{7162C20E-5D1A-045C-C621-DDB7B2F89E4C}</UniqueIdentifier>
    </Filter>
    <Filter Include="src\Platform">
      <UniqueIdentifier>{21CA02E5-0D2D-9289-B6B2-CA3FA2F45D0C}</UniqueIdentifier>
    </Filter>
    <Filter Include="src\Platform\Linux">
      <UniqueIdentifier>{0052F1F1-EC35-B247-5596-AC9A41999CC9}</UniqueIdentifier>
    </Filter>
    <Filter Include="src\Platform\Windows">
      <UniqueIdentifier>{5B054582-4794-CE4B-F0B2-E246DC20DFF1}</UniqueIdentifier>
    </Filter>
    <Filter Include="src\Render">
      <UniqueIdentifier>{FC94E62B-E84C-2879-5154-01D53D2BC369}</UniqueIdentifier>
    </Filter>
    <Filter Include="src\SDK">
      <UniqueIdentifier>{9EA92FA9-0A89-AE44-13A1-391B7FFF14A6}</UniqueIdentifier>
    </Filter>
    <Filter Include="src\Utils">
      <UniqueIdentifier>{4D9AFFB3-B904-B42A-0243-65D06EEC917F}</UniqueIdentifier>
    </Filter>
    <Filter Include="src\Utils\Log">
      <UniqueIdentifier>{9E10C983-0AD1-44BA-D30B-8E373F8B8996}</UniqueIdentifier>
    </Filter>
    <Filter Include="vendor">
      <UniqueIdentifier>{B3738122-9F15-ACF8-88D0-BF4C74113349}</UniqueIdentifier>
    </Filter>
    <Filter Include="vendor\GLEW">
      <UniqueIdentifier>{B17667C1-1D2C-E0B6-A620-DA8D12D5D6BA}</UniqueIdentifier>
    </Filter>
    <Filter Include="vendor\GLEW\include">
      <UniqueIdentifier>{24BF1419-9020-F226-198E-38D985EE28E6}</UniqueIdentifier>
    </Filter>
    <Filter Include="vendor\GLEW\include\GL">
      <UniqueIdentifier>{06EE64D9-F2E7-8D2B-DB54-243CC7EDF397}</UniqueIdentifier>
    </Filter>
    <Filter Include="vendor\GLFW">
      <UniqueIdentifier>{D27667C1-3E2C-E0B6-C720-DA8D33D5D6BA}</UniqueIdentifier>
    </Filter>
    <Filter Include="vendor\GLFW\include">
      <UniqueIdentifier>{45501F1D-B1B1-FC2A-3A1F-43DDA67F33EA}</UniqueIdentifier>
    </Filter>
    <Filter Include="vendor\GLFW\include\GLFW">
      <UniqueIdentifier>{A4FE9F69-9023-EFE9-B96E-D479A5F2ED07}</UniqueIdentifier>
    </Filter>
    <Filter Include="vendor\ImGui">
      <UniqueIdentifier>{1DA38CEE-0906-1C93-B28B-54499ECDE715}</UniqueIdentifier>
    </Filter>
    <Filter Include="vendor\ImGui\opengl3">
      <UniqueIdentifier>{6464D2F5-50F3-5BBF-F911-70BAE57F6C65}</UniqueIdentifier>
    </Filter>
    <Filter Include="vendor\ImGui\win32">
      <UniqueIdentifier>{DF0CDB2A-CBF0-9B80-3451-96D320548602}</UniqueIdentifier>
    </Filter>
    <Filter Include="vendor\fmt">
      <UniqueIdentifier>{699BC5A8-5553-07F6-BE5A-E051AA31A2E6}</UniqueIdentifier>
    </Filter>
    <Filter Include="vendor\fmt\include">
      <UniqueIdentifier>{DC1BC8B7-C8FF-880D-3160-83601D63738F}</UniqueIdentifier>
    </Filter>
    <Filter Include="vendor\fmt\include\fmt">
      <UniqueIdentifier>{12300654-FE29-2FA6-E796-C5B6D32F9512}</UniqueIdentifier>
    </Filter>
  </ItemGroup>
  <ItemGroup>
    <ClInclude Include="src\Core\Application.h">
      <Filter>src\Core</Filter>
    </ClInclude>
    <ClInclude Include="src\Core\Window.h">
      <Filter>src\Core</Filter>
    </ClInclude>
    <ClInclude Include="src\Events\Event.h">
      <Filter>src\Events</Filter>
    </ClInclude>
    <ClInclude Include="src\Platform\Linux\LinuxWindow.h">
      <Filter>src\Platform\Linux</Filter>
    </ClInclude>
    <ClInclude Include="src\Platform\Windows\WindowsWindow.h">
      <Filter>src\Platform\Windows</Filter>
    </ClInclude>
    <ClInclude Include="src\Pyrus.hpp">
      <Filter>src</Filter>
    </ClInclude>
    <ClInclude Include="src\Render\Renderer.h">
      <Filter>src\Render</Filter>
    </ClInclude>
    <ClInclude Include="src\SDK\Datatypes.h">
      <Filter>src\SDK</Filter>
    </ClInclude>
    <ClInclude Include="src\SDK\Macros.h">
      <Filter>src\SDK</Filter>
    </ClInclude>
    <ClInclude Include="src\Utils\Log\Log.h">
      <Filter>src\Utils\Log</Filter>
    </ClInclude>
    <ClInclude Include="src\Utils\Utils.h">
      <Filter>src\Utils</Filter>
    </ClInclude>
    <ClInclude Include="vendor\GLEW\include\GL\eglew.h">
      <Filter>vendor\GLEW\include\GL</Filter>
    </ClInclude>
    <ClInclude Include="vendor\GLEW\include\GL\glew.h">
      <Filter>vendor\GLEW\include\GL</Filter>
    </ClInclude>
    <ClInclude Include="vendor\GLEW\include\GL\glxew.h">
      <Filter>vendor\GLEW\include\GL</Filter>
    </ClInclude>
    <ClInclude Include="vendor\GLEW\include\GL\wglew.h">
      <Filter>vendor\GLEW\include\GL</Filter>
    </ClInclude>
    <ClInclude Include="vendor\GLFW\include\GLFW\glfw3.h">
      <Filter>vendor\GLFW\include\GLFW</Filter>
    </ClInclude>
    <ClInclude Include="vendor\GLFW\include\GLFW\glfw3native.h">
      <Filter>vendor\GLFW\include\GLFW</Filter>
    </ClInclude>
    <ClInclude Include="vendor\ImGui\imconfig.h">
      <Filter>vendor\ImGui</Filter>
    </ClInclude>
    <ClInclude Include="vendor\ImGui\imgui.h">
      <Filter>vendor\ImGui</Filter>
    </ClInclude>
    <ClInclude Include="vendor\ImGui\imgui_internal.h">
      <Filter>vendor\ImGui</Filter>
    </ClInclude>
    <ClInclude Include="vendor\ImGui\imstb_rectpack.h">
      <Filter>vendor\ImGui</Filter>
    </ClInclude>
    <ClInclude Include="vendor\ImGui\imstb_textedit.h">
      <Filter>vendor\ImGui</Filter>
    </ClInclude>
    <ClInclude Include="vendor\ImGui\imstb_truetype.h">
      <Filter>vendor\ImGui</Filter>
    </ClInclude>
    <ClInclude Include="vendor\ImGui\opengl3\imgui_impl_opengl3.h">
      <Filter>vendor\ImGui\opengl3</Filter>
    </ClInclude>
    <ClInclude Include="vendor\ImGui\opengl3\imgui_impl_opengl3_loader.h">
      <Filter>vendor\ImGui\opengl3</Filter>
    </ClInclude>
    <ClInclude Include="vendor\ImGui\win32\imgui_impl_win32.h">
      <Filter>vendor\ImGui\win32</Filter>
    </ClInclude>
    <ClInclude Include="vendor\fmt\include\fmt\args.h">
      <Filter>vendor\fmt\include\fmt</Filter>
    </ClInclude>
    <ClInclude Include="vendor\fmt\include\fmt\chrono.h">
      <Filter>vendor\fmt\include\fmt</Filter>
    </ClInclude>
    <ClInclude Include="vendor\fmt\include\fmt\color.h">
      <Filter>vendor\fmt\include\fmt</Filter>
    </ClInclude>
    <ClInclude Include="vendor\fmt\include\fmt\compile.h">
      <Filter>vendor\fmt\include\fmt</Filter>
    </ClInclude>
    <ClInclude Include="vendor\fmt\include\fmt\core.h">
      <Filter>vendor\fmt\include\fmt</Filter>
    </ClInclude>
    <ClInclude Include="vendor\fmt\include\fmt\format-inl.h">
      <Filter>vendor\fmt\include\fmt</Filter>
    </ClInclude>
    <ClInclude Include="vendor\fmt\include\fmt\format.h">
      <Filter>vendor\fmt\include\fmt</Filter>
    </ClInclude>
    <ClInclude Include="vendor\fmt\include\fmt\os.h">
      <Filter>vendor\fmt\include\fmt</Filter>
    </ClInclude>
    <ClInclude Include="vendor\fmt\include\fmt\ostream.h">
      <Filter>vendor\fmt\include\fmt</Filter>
    </ClInclude>
    <ClInclude Include="vendor\fmt\include\fmt\printf.h">
      <Filter>vendor\fmt\include\fmt</Filter>
    </ClInclude>
    <ClInclude Include="vendor\fmt\include\fmt\ranges.h">
      <Filter>vendor\fmt\include\fmt</Filter>
    </ClInclude>
    <ClInclude Include="vendor\fmt\include\fmt\std.h">
      <Filter>vendor\fmt\include\fmt</Filter>
    </ClInclude>
    <ClInclude Include="vendor\fmt\include\fmt\xchar.h">
      <Filter>vendor\fmt\include\fmt</Filter>
    </ClInclude>
  </ItemGroup>
  <ItemGroup>
    <ClCompile Include="src\Core\Application.cpp">
      <Filter>src\Core</Filter>
    </ClCompile>
    <ClCompile Include="src\Core\Window.cpp">
      <Filter>src\Core</Filter>
    </ClCompile>
    <ClCompile Include="src\Platform\Linux\LinuxWindow.cpp">
      <Filter>src\Platform\Linux</Filter>
    </ClCompile>
    <ClCompile Include="src\Platform\Windows\WindowsWindow.cpp">
      <Filter>src\Platform\Windows</Filter>
    </ClCompile>
    <ClCompile Include="src\Render\Renderer.cpp">
      <Filter>src\Render</Filter>
    </ClCompile>
    <ClCompile Include="src\Utils\Log\Log.cpp">
      <Filter>src\Utils\Log</Filter>
    </ClCompile>
    <ClCompile Include="vendor\ImGui\imgui.cpp">
      <Filter>vendor\ImGui</Filter>
    </ClCompile>
    <ClCompile Include="vendor\ImGui\imgui_draw.cpp">
      <Filter>vendor\ImGui</Filter>
    </ClCompile>
    <ClCompile Include="vendor\ImGui\imgui_tables.cpp">
      <Filter>vendor\ImGui</Filter>
    </ClCompile>
    <ClCompile Include="vendor\ImGui\imgui_widgets.cpp">
      <Filter>vendor\ImGui</Filter>
    </ClCompile>
    <ClCompile Include="vendor\ImGui\opengl3\imgui_impl_opengl3.cpp">
      <Filter>vendor\ImGui\opengl3</Filter>
    </ClCompile>
    <ClCompile Include="vendor\ImGui\win32\imgui_impl_win32.cpp">
      <Filter>vendor\ImGui\win32</Filter>
    </ClCompile>
  </ItemGroup>
</Project>